
Microsoft Visual Studio Solution File, Format Version 12.00
# Visual Studio Version 17
VisualStudioVersion = 17.5.33516.290
MinimumVisualStudioVersion = 10.0.40219.1
Project("{FAE04EC0-301F-11D3-BF4B-00C04F79EFBC}") = "StringVsStringBuilder", "StringVsStringBuilder\StringVsStringBuilder.csproj", "{F152536E-8E48-420D-A5D4-9F4B5BDCDADA}"
EndProject
Global
	GlobalSection(SolutionConfigurationPlatforms) = preSolution
		Debug|Any CPU = Debug|Any CPU
		Release|Any CPU = Release|Any CPU
	EndGlobalSection
	GlobalSection(ProjectConfigurationPlatforms) = postSolution
		{F152536E-8E48-420D-A5D4-9F4B5BDCDADA}.Debug|Any CPU.ActiveCfg = Debug|Any CPU
		{F152536E-8E48-420D-A5D4-9F4B5BDCDADA}.Debug|Any CPU.Build.0 = Debug|Any CPU
		{F152536E-8E48-420D-A5D4-9F4B5BDCDADA}.Release|Any CPU.ActiveCfg = Release|Any CPU
		{F152536E-8E48-420D-A5D4-9F4B5BDCDADA}.Release|Any CPU.Build.0 = Release|Any CPU
	EndGlobalSection
	GlobalSection(SolutionProperties) = preSolution
		HideSolutionNode = FALSE
	EndGlobalSection
	GlobalSection(ExtensibilityGlobals) = postSolution
		SolutionGuid = {DF336031-8B05-4A2A-9F62-8766339DEB48}
	EndGlobalSection
EndGlobal
